
Microsoft Visual Studio Solution File, Format Version 11.00
# Visual Studio 2010
Project("{CC5FD16D-436D-48AD-A40C-5A424C6E3E79}") = "AzureSignalRWebApiChat", "AzureSignalRWebApiChat.ccproj", "{FA9ABB03-1E88-4586-9CFC-630787D3755C}"
EndProject
Project("{FAE04EC0-301F-11D3-BF4B-00C04F79EFBC}") = "Chat", "Chat\Chat.csproj", "{3924EFB3-456E-425F-9837-CCCA159AA4DA}"
EndProject
Global
	GlobalSection(SolutionConfigurationPlatforms) = preSolution
		Debug|Any CPU = Debug|Any CPU
		Release|Any CPU = Release|Any CPU
	EndGlobalSection
	GlobalSection(ProjectConfigurationPlatforms) = postSolution
		{FA9ABB03-1E88-4586-9CFC-630787D3755C}.Debug|Any CPU.ActiveCfg = Debug|Any CPU
		{FA9ABB03-1E88-4586-9CFC-630787D3755C}.Debug|Any CPU.Build.0 = Debug|Any CPU
		{FA9ABB03-1E88-4586-9CFC-630787D3755C}.Release|Any CPU.ActiveCfg = Release|Any CPU
		{FA9ABB03-1E88-4586-9CFC-630787D3755C}.Release|Any CPU.Build.0 = Release|Any CPU
		{3924EFB3-456E-425F-9837-CCCA159AA4DA}.Debug|Any CPU.ActiveCfg = Debug|Any CPU
		{3924EFB3-456E-425F-9837-CCCA159AA4DA}.Debug|Any CPU.Build.0 = Debug|Any CPU
		{3924EFB3-456E-425F-9837-CCCA159AA4DA}.Release|Any CPU.ActiveCfg = Release|Any CPU
		{3924EFB3-456E-425F-9837-CCCA159AA4DA}.Release|Any CPU.Build.0 = Release|Any CPU
	EndGlobalSection
	GlobalSection(SolutionProperties) = preSolution
		HideSolutionNode = FALSE
	EndGlobalSection
EndGlobal
